
Microsoft Visual Studio Solution File, Format Version 12.00
# Visual Studio Version 16
VisualStudioVersion = 16.0.30804.86
MinimumVisualStudioVersion = 10.0.40219.1
Project("{8BC9CEB8-8B4A-11D0-8D11-00A0C91BC942}") = "Day13", "Day13.vcxproj", "{B7677637-9DE1-4A4C-92E1-F69AEFF91358}"
EndProject
Global
	GlobalSection(SolutionConfigurationPlatforms) = preSolution
		Debug|x64 = Debug|x64
		Debug|x86 = Debug|x86
		Release|x64 = Release|x64
		Release|x86 = Release|x86
	EndGlobalSection
	GlobalSection(ProjectConfigurationPlatforms) = postSolution
		{B7677637-9DE1-4A4C-92E1-F69AEFF91358}.Debug|x64.ActiveCfg = Debug|x64
		{B7677637-9DE1-4A4C-92E1-F69AEFF91358}.Debug|x64.Build.0 = Debug|x64
		{B7677637-9DE1-4A4C-92E1-F69AEFF91358}.Debug|x86.ActiveCfg = Debug|Win32
		{B7677637-9DE1-4A4C-92E1-F69AEFF91358}.Debug|x86.Build.0 = Debug|Win32
		{B7677637-9DE1-4A4C-92E1-F69AEFF91358}.Release|x64.ActiveCfg = Release|x64
		{B7677637-9DE1-4A4C-92E1-F69AEFF91358}.Release|x64.Build.0 = Release|x64
		{B7677637-9DE1-4A4C-92E1-F69AEFF91358}.Release|x86.ActiveCfg = Release|Win32
		{B7677637-9DE1-4A4C-92E1-F69AEFF91358}.Release|x86.Build.0 = Release|Win32
	EndGlobalSection
	GlobalSection(SolutionProperties) = preSolution
		HideSolutionNode = FALSE
	EndGlobalSection
	GlobalSection(ExtensibilityGlobals) = postSolution
		SolutionGuid = {F53101EE-DB09-4F46-8FEA-13C55922B8E6}
	EndGlobalSection
EndGlobal
